github.com/thorsphere/lpcli v1.0.2 h1:PJdC2OFtThUc6WAlBZf3AKI/cjxg0NLbQ8Seewn6TLo=
github.com/thorsphere/lpcli v1.0.2/go.mod h1:Xf+jvs54Bk3WL6JzUGMMlza1IH4wYJiIjGDZmq1Fpow=
github.com/thorsphere/tserr v1.21.8 h1:VzRENVUBeG6K6RtIdA5DaVWPxxKxWTDsrGmAH7vSPvk=
github.com/thorsphere/tserr v1.21.8/go.mod h1:ntnzXWuuyZYUYT3n/i+1V0xKmn43oyaZC8gvSQTItcw=
github.com/thorsphere/tsfio v1.9.0 h1:3XkQVhfQBBYQq3kbpbY5I6GR0HxSAa/1NCEcSV9p854=
github.com/thorsphere/tsfio v1.9.0/go.mod h1:BC+z8MPZI/pUaeIJJi+kE4AfKWHKCWub2nYVQCTTDbg=
github.com/thorsphere/tslog v1.4.0 h1:fizPuc7uo+E9/y4NCNzf+049Cihx96sVQTO2pF0IXQk=
github.com/thorsphere/tslog v1.4.0/go.mod h1:RsosNlNm1tCXowXKH8vwthA7s+Whccw7tKgrIzN3XCw=
